// !$*UTF8*$!
{
	archiveVersion = 1;
	classes = {
	};
	objectVersion = 56;
	objects = {

/* Begin PBXBuildFile section */
		3C91FCA52A7D532900A75858 /* Download.swift in Sources */ = {isa = PBXBuildFile; fileRef = 3C91FCA42A7D532900A75858 /* Download.swift */; };
		3C91FCA92A7E670500A75858 /* UDKey.swift in Sources */ = {isa = PBXBuildFile; fileRef = 3C91FCA82A7E670500A75858 /* UDKey.swift */; };
		3C91FCAB2A7E678A00A75858 /* UserDefault.swift in Sources */ = {isa = PBXBuildFile; fileRef = 3C91FCAA2A7E678A00A75858 /* UserDefault.swift */; };
		3C91FCAF2A7E6CDA00A75858 /* UserDefaults.swift in Sources */ = {isa = PBXBuildFile; fileRef = 3C91FCAE2A7E6CDA00A75858 /* UserDefaults.swift */; };
		3CA649D02A76BE39002D868A /* ProductListView.swift in Sources */ = {isa = PBXBuildFile; fileRef = 3CA649CF2A76BE39002D868A /* ProductListView.swift */; };
		3CA649D22A76C07B002D868A /* Product.swift in Sources */ = {isa = PBXBuildFile; fileRef = 3CA649D12A76C07B002D868A /* Product.swift */; };
		3CA649D42A76C0E2002D868A /* products.json in Resources */ = {isa = PBXBuildFile; fileRef = 3CA649D32A76C0E2002D868A /* products.json */; };
		3CA649D62A76C18E002D868A /* ModelData.swift in Sources */ = {isa = PBXBuildFile; fileRef = 3CA649D52A76C18E002D868A /* ModelData.swift */; };
		3CA649D82A76C23A002D868A /* ProductRowView.swift in Sources */ = {isa = PBXBuildFile; fileRef = 3CA649D72A76C23A002D868A /* ProductRowView.swift */; };
		3CB9D5DD2A7B6E0F00EB4395 /* ProductDetailView.swift in Sources */ = {isa = PBXBuildFile; fileRef = 3CB9D5DC2A7B6E0F00EB4395 /* ProductDetailView.swift */; };
		3CFDB5382A7B7F4100B411CB /* ProductDetailViewModel.swift in Sources */ = {isa = PBXBuildFile; fileRef = 3CFDB5372A7B7F4100B411CB /* ProductDetailViewModel.swift */; };
		3CFDB53A2A7B7FC200B411CB /* AppConstants.swift in Sources */ = {isa = PBXBuildFile; fileRef = 3CFDB5392A7B7FC200B411CB /* AppConstants.swift */; };
		3CFE4CE72A615CB100C232D1 /* CloseButton.swift in Sources */ = {isa = PBXBuildFile; fileRef = 3CFE4CE62A615CB100C232D1 /* CloseButton.swift */; };
		FC02E8BC2A48989100EC1809 /* AppDelegate.swift in Sources */ = {isa = PBXBuildFile; fileRef = FC02E8BB2A48989100EC1809 /* AppDelegate.swift */; };
		FC02E8BE2A48989100EC1809 /* ARViewController.swift in Sources */ = {isa = PBXBuildFile; fileRef = FC02E8BD2A48989100EC1809 /* ARViewController.swift */; };
		FC02E8C52A48989200EC1809 /* Assets.xcassets in Resources */ = {isa = PBXBuildFile; fileRef = FC02E8C42A48989200EC1809 /* Assets.xcassets */; };
		FC02E8C82A48989200EC1809 /* LaunchScreen.storyboard in Resources */ = {isa = PBXBuildFile; fileRef = FC02E8C62A48989200EC1809 /* LaunchScreen.storyboard */; };
		FC02E8D22A48989200EC1809 /* RealityFromQRTests.swift in Sources */ = {isa = PBXBuildFile; fileRef = FC02E8D12A48989200EC1809 /* RealityFromQRTests.swift */; };
		FC02E8DC2A48989200EC1809 /* RealityFromQRUITests.swift in Sources */ = {isa = PBXBuildFile; fileRef = FC02E8DB2A48989200EC1809 /* RealityFromQRUITests.swift */; };
		FC02E8DE2A48989200EC1809 /* RealityFromQRUITestsLaunchTests.swift in Sources */ = {isa = PBXBuildFile; fileRef = FC02E8DD2A48989200EC1809 /* RealityFromQRUITestsLaunchTests.swift */; };
		FC1EE9ED2A4C1A87004C8976 /* drummer.usdz in Resources */ = {isa = PBXBuildFile; fileRef = FC1EE9EC2A4C1A87004C8976 /* drummer.usdz */; };
		FC1EE9F02A4C3460004C8976 /* CameraView.swift in Sources */ = {isa = PBXBuildFile; fileRef = FC1EE9EF2A4C345F004C8976 /* CameraView.swift */; };
		FC1EE9F42A4C34C2004C8976 /* ARViewContainer.swift in Sources */ = {isa = PBXBuildFile; fileRef = FC1EE9F32A4C34C2004C8976 /* ARViewContainer.swift */; };
		FC1EE9F62A4C541D004C8976 /* MenuView.swift in Sources */ = {isa = PBXBuildFile; fileRef = FC1EE9F52A4C541D004C8976 /* MenuView.swift */; };
		FC1EE9FA2A4C5E56004C8976 /* PrimaryButton.swift in Sources */ = {isa = PBXBuildFile; fileRef = FC1EE9F92A4C5E56004C8976 /* PrimaryButton.swift */; };
		FC1EE9FF2A4C5FEC004C8976 /* MenuViewModel.swift in Sources */ = {isa = PBXBuildFile; fileRef = FC1EE9FE2A4C5FEC004C8976 /* MenuViewModel.swift */; };
		FC1EEA012A4C60C1004C8976 /* SecondaryButton.swift in Sources */ = {isa = PBXBuildFile; fileRef = FC1EEA002A4C60C1004C8976 /* SecondaryButton.swift */; };
		FC1EEA032A4C60F4004C8976 /* UIConstants.swift in Sources */ = {isa = PBXBuildFile; fileRef = FC1EEA022A4C60F4004C8976 /* UIConstants.swift */; };
		FC1EEA062A4C79A3004C8976 /* Navigate.swift in Sources */ = {isa = PBXBuildFile; fileRef = FC1EEA052A4C79A3004C8976 /* Navigate.swift */; };
		FC1EEA082A4C79B4004C8976 /* DeferView.swift in Sources */ = {isa = PBXBuildFile; fileRef = FC1EEA072A4C79B4004C8976 /* DeferView.swift */; };
		FC1EEA0B2A4DD954004C8976 /* Model.swift in Sources */ = {isa = PBXBuildFile; fileRef = FC1EEA0A2A4DD954004C8976 /* Model.swift */; };
/* End PBXBuildFile section */

/* Begin PBXContainerItemProxy section */
		FC02E8CE2A48989200EC1809 /* PBXContainerItemProxy */ = {
			isa = PBXContainerItemProxy;
			containerPortal = FC02E8B02A48989100EC1809 /* Project object */;
			proxyType = 1;
			remoteGlobalIDString = FC02E8B72A48989100EC1809;
			remoteInfo = RealityFromQR;
		};
		FC02E8D82A48989200EC1809 /* PBXContainerItemProxy */ = {
			isa = PBXContainerItemProxy;
			containerPortal = FC02E8B02A48989100EC1809 /* Project object */;
			proxyType = 1;
			remoteGlobalIDString = FC02E8B72A48989100EC1809;
			remoteInfo = RealityFromQR;
		};
/* End PBXContainerItemProxy section */

/* Begin PBXFileReference section */
		3C5DAD0B2A79518D00F01D2F /* Info.plist */ = {isa = PBXFileReference; lastKnownFileType = text.plist; path = Info.plist; sourceTree = "<group>"; };
		3C91FCA42A7D532900A75858 /* Download.swift */ = {isa = PBXFileReference; lastKnownFileType = sourcecode.swift; path = Download.swift; sourceTree = "<group>"; };
		3C91FCA82A7E670500A75858 /* UDKey.swift */ = {isa = PBXFileReference; lastKnownFileType = sourcecode.swift; path = UDKey.swift; sourceTree = "<group>"; };
		3C91FCAA2A7E678A00A75858 /* UserDefault.swift */ = {isa = PBXFileReference; lastKnownFileType = sourcecode.swift; path = UserDefault.swift; sourceTree = "<group>"; };
		3C91FCAE2A7E6CDA00A75858 /* UserDefaults.swift */ = {isa = PBXFileReference; lastKnownFileType = sourcecode.swift; path = UserDefaults.swift; sourceTree = "<group>"; };
		3CA067242A88AD1C00FA9CE5 /* RealityFromQR.xctestplan */ = {isa = PBXFileReference; lastKnownFileType = text; path = RealityFromQR.xctestplan; sourceTree = "<group>"; };
		3CA649CF2A76BE39002D868A /* ProductListView.swift */ = {isa = PBXFileReference; lastKnownFileType = sourcecode.swift; path = ProductListView.swift; sourceTree = "<group>"; };
		3CA649D12A76C07B002D868A /* Product.swift */ = {isa = PBXFileReference; lastKnownFileType = sourcecode.swift; path = Product.swift; sourceTree = "<group>"; };
		3CA649D32A76C0E2002D868A /* products.json */ = {isa = PBXFileReference; lastKnownFileType = text.json; path = products.json; sourceTree = "<group>"; };
		3CA649D52A76C18E002D868A /* ModelData.swift */ = {isa = PBXFileReference; lastKnownFileType = sourcecode.swift; path = ModelData.swift; sourceTree = "<group>"; };
		3CA649D72A76C23A002D868A /* ProductRowView.swift */ = {isa = PBXFileReference; lastKnownFileType = sourcecode.swift; path = ProductRowView.swift; sourceTree = "<group>"; };
		3CB9D5DC2A7B6E0F00EB4395 /* ProductDetailView.swift */ = {isa = PBXFileReference; lastKnownFileType = sourcecode.swift; path = ProductDetailView.swift; sourceTree = "<group>"; };
		3CFDB5372A7B7F4100B411CB /* ProductDetailViewModel.swift */ = {isa = PBXFileReference; lastKnownFileType = sourcecode.swift; path = ProductDetailViewModel.swift; sourceTree = "<group>"; };
		3CFDB5392A7B7FC200B411CB /* AppConstants.swift */ = {isa = PBXFileReference; lastKnownFileType = sourcecode.swift; path = AppConstants.swift; sourceTree = "<group>"; };
		3CFE4CE62A615CB100C232D1 /* CloseButton.swift */ = {isa = PBXFileReference; fileEncoding = 4; lastKnownFileType = sourcecode.swift; path = CloseButton.swift; sourceTree = "<group>"; };
		FC02E8B82A48989100EC1809 /* RealityFromQR.app */ = {isa = PBXFileReference; explicitFileType = wrapper.application; includeInIndex = 0; path = RealityFromQR.app; sourceTree = BUILT_PRODUCTS_DIR; };
		FC02E8BB2A48989100EC1809 /* AppDelegate.swift */ = {isa = PBXFileReference; lastKnownFileType = sourcecode.swift; path = AppDelegate.swift; sourceTree = "<group>"; };
		FC02E8BD2A48989100EC1809 /* ARViewController.swift */ = {isa = PBXFileReference; lastKnownFileType = sourcecode.swift; path = ARViewController.swift; sourceTree = "<group>"; };
		FC02E8C42A48989200EC1809 /* Assets.xcassets */ = {isa = PBXFileReference; lastKnownFileType = folder.assetcatalog; path = Assets.xcassets; sourceTree = "<group>"; };
		FC02E8C72A48989200EC1809 /* Base */ = {isa = PBXFileReference; lastKnownFileType = file.storyboard; name = Base; path = Base.lproj/LaunchScreen.storyboard; sourceTree = "<group>"; };
		FC02E8CD2A48989200EC1809 /* RealityFromQRTests.xctest */ = {isa = PBXFileReference; explicitFileType = wrapper.cfbundle; includeInIndex = 0; path = RealityFromQRTests.xctest; sourceTree = BUILT_PRODUCTS_DIR; };
		FC02E8D12A48989200EC1809 /* RealityFromQRTests.swift */ = {isa = PBXFileReference; lastKnownFileType = sourcecode.swift; path = RealityFromQRTests.swift; sourceTree = "<group>"; };
		FC02E8D72A48989200EC1809 /* RealityFromQRUITests.xctest */ = {isa = PBXFileReference; explicitFileType = wrapper.cfbundle; includeInIndex = 0; path = RealityFromQRUITests.xctest; sourceTree = BUILT_PRODUCTS_DIR; };
		FC02E8DB2A48989200EC1809 /* RealityFromQRUITests.swift */ = {isa = PBXFileReference; lastKnownFileType = sourcecode.swift; path = RealityFromQRUITests.swift; sourceTree = "<group>"; };
		FC02E8DD2A48989200EC1809 /* RealityFromQRUITestsLaunchTests.swift */ = {isa = PBXFileReference; lastKnownFileType = sourcecode.swift; path = RealityFromQRUITestsLaunchTests.swift; sourceTree = "<group>"; };
		FC1EE9EC2A4C1A87004C8976 /* drummer.usdz */ = {isa = PBXFileReference; lastKnownFileType = file.usdz; path = drummer.usdz; sourceTree = "<group>"; };
		FC1EE9EF2A4C345F004C8976 /* CameraView.swift */ = {isa = PBXFileReference; lastKnownFileType = sourcecode.swift; path = CameraView.swift; sourceTree = "<group>"; };
		FC1EE9F32A4C34C2004C8976 /* ARViewContainer.swift */ = {isa = PBXFileReference; lastKnownFileType = sourcecode.swift; path = ARViewContainer.swift; sourceTree = "<group>"; };
		FC1EE9F52A4C541D004C8976 /* MenuView.swift */ = {isa = PBXFileReference; lastKnownFileType = sourcecode.swift; path = MenuView.swift; sourceTree = "<group>"; };
		FC1EE9F92A4C5E56004C8976 /* PrimaryButton.swift */ = {isa = PBXFileReference; lastKnownFileType = sourcecode.swift; path = PrimaryButton.swift; sourceTree = "<group>"; };
		FC1EE9FE2A4C5FEC004C8976 /* MenuViewModel.swift */ = {isa = PBXFileReference; lastKnownFileType = sourcecode.swift; path = MenuViewModel.swift; sourceTree = "<group>"; };
		FC1EEA002A4C60C1004C8976 /* SecondaryButton.swift */ = {isa = PBXFileReference; lastKnownFileType = sourcecode.swift; path = SecondaryButton.swift; sourceTree = "<group>"; };
		FC1EEA022A4C60F4004C8976 /* UIConstants.swift */ = {isa = PBXFileReference; lastKnownFileType = sourcecode.swift; path = UIConstants.swift; sourceTree = "<group>"; };
		FC1EEA052A4C79A3004C8976 /* Navigate.swift */ = {isa = PBXFileReference; lastKnownFileType = sourcecode.swift; path = Navigate.swift; sourceTree = "<group>"; };
		FC1EEA072A4C79B4004C8976 /* DeferView.swift */ = {isa = PBXFileReference; lastKnownFileType = sourcecode.swift; path = DeferView.swift; sourceTree = "<group>"; };
		FC1EEA0A2A4DD954004C8976 /* Model.swift */ = {isa = PBXFileReference; lastKnownFileType = sourcecode.swift; path = Model.swift; sourceTree = "<group>"; };
/* End PBXFileReference section */

/* Begin PBXFrameworksBuildPhase section */
		FC02E8B52A48989100EC1809 /* Frameworks */ = {
			isa = PBXFrameworksBuildPhase;
			buildActionMask = 2147483647;
			files = (
			);
			runOnlyForDeploymentPostprocessing = 0;
		};
		FC02E8CA2A48989200EC1809 /* Frameworks */ = {
			isa = PBXFrameworksBuildPhase;
			buildActionMask = 2147483647;
			files = (
			);
			runOnlyForDeploymentPostprocessing = 0;
		};
		FC02E8D42A48989200EC1809 /* Frameworks */ = {
			isa = PBXFrameworksBuildPhase;
			buildActionMask = 2147483647;
			files = (
			);
			runOnlyForDeploymentPostprocessing = 0;
		};
/* End PBXFrameworksBuildPhase section */

/* Begin PBXGroup section */
		3C91FCAC2A7E6CC000A75858 /* Storage */ = {
			isa = PBXGroup;
			children = (
				3C91FCAD2A7E6CC700A75858 /* UserDefaults */,
			);
			path = Storage;
			sourceTree = "<group>";
		};
		3C91FCAD2A7E6CC700A75858 /* UserDefaults */ = {
			isa = PBXGroup;
			children = (
				3C91FCA82A7E670500A75858 /* UDKey.swift */,
				3C91FCAE2A7E6CDA00A75858 /* UserDefaults.swift */,
			);
			path = UserDefaults;
			sourceTree = "<group>";
		};
		3CA649CE2A76BE27002D868A /* ProductListView */ = {
			isa = PBXGroup;
			children = (
				3CA649CF2A76BE39002D868A /* ProductListView.swift */,
				3CA649D72A76C23A002D868A /* ProductRowView.swift */,
			);
			path = ProductListView;
			sourceTree = "<group>";
		};
		3CB9D5DB2A7B6DFB00EB4395 /* ProductDetailView */ = {
			isa = PBXGroup;
			children = (
				3CB9D5DC2A7B6E0F00EB4395 /* ProductDetailView.swift */,
				3CFDB5372A7B7F4100B411CB /* ProductDetailViewModel.swift */,
			);
			path = ProductDetailView;
			sourceTree = "<group>";
		};
		FC02E8AF2A48989100EC1809 = {
			isa = PBXGroup;
			children = (
				FC02E8BA2A48989100EC1809 /* RealityFromQR */,
				FC02E8D02A48989200EC1809 /* RealityFromQRTests */,
				FC02E8DA2A48989200EC1809 /* RealityFromQRUITests */,
				FC02E8B92A48989100EC1809 /* Products */,
			);
			sourceTree = "<group>";
		};
		FC02E8B92A48989100EC1809 /* Products */ = {
			isa = PBXGroup;
			children = (
				FC02E8B82A48989100EC1809 /* RealityFromQR.app */,
				FC02E8CD2A48989200EC1809 /* RealityFromQRTests.xctest */,
				FC02E8D72A48989200EC1809 /* RealityFromQRUITests.xctest */,
			);
			name = Products;
			sourceTree = "<group>";
		};
		FC02E8BA2A48989100EC1809 /* RealityFromQR */ = {
			isa = PBXGroup;
			children = (
				3C5DAD0B2A79518D00F01D2F /* Info.plist */,
				3C91FCAC2A7E6CC000A75858 /* Storage */,
				FC1EEA092A4DD94C004C8976 /* Model */,
				FC1EEA042A4C799B004C8976 /* Utils */,
				FC1EE9F72A4C5E3D004C8976 /* UIComponents */,
				FC1EE9FB2A4C5FA1004C8976 /* Views */,
				FC02E8BB2A48989100EC1809 /* AppDelegate.swift */,
				FC02E8C42A48989200EC1809 /* Assets.xcassets */,
				FC02E8C62A48989200EC1809 /* LaunchScreen.storyboard */,
				FC1EE9EB2A4C1A87004C8976 /* Resources */,
			);
			path = RealityFromQR;
			sourceTree = "<group>";
		};
		FC02E8D02A48989200EC1809 /* RealityFromQRTests */ = {
			isa = PBXGroup;
			children = (
				FC02E8D12A48989200EC1809 /* RealityFromQRTests.swift */,
				3CA067242A88AD1C00FA9CE5 /* RealityFromQR.xctestplan */,
			);
			path = RealityFromQRTests;
			sourceTree = "<group>";
		};
		FC02E8DA2A48989200EC1809 /* RealityFromQRUITests */ = {
			isa = PBXGroup;
			children = (
				FC02E8DB2A48989200EC1809 /* RealityFromQRUITests.swift */,
				FC02E8DD2A48989200EC1809 /* RealityFromQRUITestsLaunchTests.swift */,
			);
			path = RealityFromQRUITests;
			sourceTree = "<group>";
		};
		FC1EE9EB2A4C1A87004C8976 /* Resources */ = {
			isa = PBXGroup;
			children = (
				FC1EE9EC2A4C1A87004C8976 /* drummer.usdz */,
				3CA649D32A76C0E2002D868A /* products.json */,
			);
			path = Resources;
			sourceTree = "<group>";
		};
		FC1EE9F72A4C5E3D004C8976 /* UIComponents */ = {
			isa = PBXGroup;
			children = (
				FC1EE9F82A4C5E44004C8976 /* Buttons */,
				FC1EEA022A4C60F4004C8976 /* UIConstants.swift */,
			);
			path = UIComponents;
			sourceTree = "<group>";
		};
		FC1EE9F82A4C5E44004C8976 /* Buttons */ = {
			isa = PBXGroup;
			children = (
				FC1EE9F92A4C5E56004C8976 /* PrimaryButton.swift */,
				FC1EEA002A4C60C1004C8976 /* SecondaryButton.swift */,
				3CFE4CE62A615CB100C232D1 /* CloseButton.swift */,
			);
			path = Buttons;
			sourceTree = "<group>";
		};
		FC1EE9FB2A4C5FA1004C8976 /* Views */ = {
			isa = PBXGroup;
			children = (
				3CB9D5DB2A7B6DFB00EB4395 /* ProductDetailView */,
				3CA649CE2A76BE27002D868A /* ProductListView */,
				FC1EE9FD2A4C5FBB004C8976 /* MenuView */,
				FC1EE9FC2A4C5FB1004C8976 /* CameraView */,
			);
			path = Views;
			sourceTree = "<group>";
		};
		FC1EE9FC2A4C5FB1004C8976 /* CameraView */ = {
			isa = PBXGroup;
			children = (
				FC1EE9EF2A4C345F004C8976 /* CameraView.swift */,
				FC1EE9F32A4C34C2004C8976 /* ARViewContainer.swift */,
				FC02E8BD2A48989100EC1809 /* ARViewController.swift */,
			);
			path = CameraView;
			sourceTree = "<group>";
		};
		FC1EE9FD2A4C5FBB004C8976 /* MenuView */ = {
			isa = PBXGroup;
			children = (
				FC1EE9F52A4C541D004C8976 /* MenuView.swift */,
				FC1EE9FE2A4C5FEC004C8976 /* MenuViewModel.swift */,
			);
			path = MenuView;
			sourceTree = "<group>";
		};
		FC1EEA042A4C799B004C8976 /* Utils */ = {
			isa = PBXGroup;
			children = (
				3C91FCAA2A7E678A00A75858 /* UserDefault.swift */,
				FC1EEA052A4C79A3004C8976 /* Navigate.swift */,
				FC1EEA072A4C79B4004C8976 /* DeferView.swift */,
				3CA649D52A76C18E002D868A /* ModelData.swift */,
				3CFDB5392A7B7FC200B411CB /* AppConstants.swift */,
				3C91FCA42A7D532900A75858 /* Download.swift */,
			);
			path = Utils;
			sourceTree = "<group>";
		};
		FC1EEA092A4DD94C004C8976 /* Model */ = {
			isa = PBXGroup;
			children = (
				FC1EEA0A2A4DD954004C8976 /* Model.swift */,
				3CA649D12A76C07B002D868A /* Product.swift */,
			);
			path = Model;
			sourceTree = "<group>";
		};
/* End PBXGroup section */

/* Begin PBXNativeTarget section */
		FC02E8B72A48989100EC1809 /* RealityFromQR */ = {
			isa = PBXNativeTarget;
			buildConfigurationList = FC02E8E12A48989200EC1809 /* Build configuration list for PBXNativeTarget "RealityFromQR" */;
			buildPhases = (
				FC02E8B42A48989100EC1809 /* Sources */,
				FC02E8B52A48989100EC1809 /* Frameworks */,
				FC02E8B62A48989100EC1809 /* Resources */,
				FC1EE9EE2A4C209B004C8976 /* SwiftLint */,
			);
			buildRules = (
			);
			dependencies = (
			);
			name = RealityFromQR;
			productName = RealityFromQR;
			productReference = FC02E8B82A48989100EC1809 /* RealityFromQR.app */;
			productType = "com.apple.product-type.application";
		};
		FC02E8CC2A48989200EC1809 /* RealityFromQRTests */ = {
			isa = PBXNativeTarget;
			buildConfigurationList = FC02E8E42A48989200EC1809 /* Build configuration list for PBXNativeTarget "RealityFromQRTests" */;
			buildPhases = (
				FC02E8C92A48989200EC1809 /* Sources */,
				FC02E8CA2A48989200EC1809 /* Frameworks */,
				FC02E8CB2A48989200EC1809 /* Resources */,
			);
			buildRules = (
			);
			dependencies = (
				FC02E8CF2A48989200EC1809 /* PBXTargetDependency */,
			);
			name = RealityFromQRTests;
			productName = RealityFromQRTests;
			productReference = FC02E8CD2A48989200EC1809 /* RealityFromQRTests.xctest */;
			productType = "com.apple.product-type.bundle.unit-test";
		};
		FC02E8D62A48989200EC1809 /* RealityFromQRUITests */ = {
			isa = PBXNativeTarget;
			buildConfigurationList = FC02E8E72A48989200EC1809 /* Build configuration list for PBXNativeTarget "RealityFromQRUITests" */;
			buildPhases = (
				FC02E8D32A48989200EC1809 /* Sources */,
				FC02E8D42A48989200EC1809 /* Frameworks */,
				FC02E8D52A48989200EC1809 /* Resources */,
			);
			buildRules = (
			);
			dependencies = (
				FC02E8D92A48989200EC1809 /* PBXTargetDependency */,
			);
			name = RealityFromQRUITests;
			productName = RealityFromQRUITests;
			productReference = FC02E8D72A48989200EC1809 /* RealityFromQRUITests.xctest */;
			productType = "com.apple.product-type.bundle.ui-testing";
		};
/* End PBXNativeTarget section */

/* Begin PBXProject section */
		FC02E8B02A48989100EC1809 /* Project object */ = {
			isa = PBXProject;
			attributes = {
				BuildIndependentTargetsInParallel = 1;
				LastSwiftUpdateCheck = 1430;
				LastUpgradeCheck = 1430;
				TargetAttributes = {
					FC02E8B72A48989100EC1809 = {
						CreatedOnToolsVersion = 14.3.1;
					};
					FC02E8CC2A48989200EC1809 = {
						CreatedOnToolsVersion = 14.3.1;
						TestTargetID = FC02E8B72A48989100EC1809;
					};
					FC02E8D62A48989200EC1809 = {
						CreatedOnToolsVersion = 14.3.1;
						TestTargetID = FC02E8B72A48989100EC1809;
					};
				};
			};
			buildConfigurationList = FC02E8B32A48989100EC1809 /* Build configuration list for PBXProject "RealityFromQR" */;
			compatibilityVersion = "Xcode 14.0";
			developmentRegion = en;
			hasScannedForEncodings = 0;
			knownRegions = (
				en,
				Base,
			);
			mainGroup = FC02E8AF2A48989100EC1809;
			productRefGroup = FC02E8B92A48989100EC1809 /* Products */;
			projectDirPath = "";
			projectRoot = "";
			targets = (
				FC02E8B72A48989100EC1809 /* RealityFromQR */,
				FC02E8CC2A48989200EC1809 /* RealityFromQRTests */,
				FC02E8D62A48989200EC1809 /* RealityFromQRUITests */,
			);
		};
/* End PBXProject section */

/* Begin PBXResourcesBuildPhase section */
		FC02E8B62A48989100EC1809 /* Resources */ = {
			isa = PBXResourcesBuildPhase;
			buildActionMask = 2147483647;
			files = (
				FC1EE9ED2A4C1A87004C8976 /* drummer.usdz in Resources */,
				3CA649D42A76C0E2002D868A /* products.json in Resources */,
				FC02E8C82A48989200EC1809 /* LaunchScreen.storyboard in Resources */,
				FC02E8C52A48989200EC1809 /* Assets.xcassets in Resources */,
			);
			runOnlyForDeploymentPostprocessing = 0;
		};
		FC02E8CB2A48989200EC1809 /* Resources */ = {
			isa = PBXResourcesBuildPhase;
			buildActionMask = 2147483647;
			files = (
			);
			runOnlyForDeploymentPostprocessing = 0;
		};
		FC02E8D52A48989200EC1809 /* Resources */ = {
			isa = PBXResourcesBuildPhase;
			buildActionMask = 2147483647;
			files = (
			);
			runOnlyForDeploymentPostprocessing = 0;
		};
/* End PBXResourcesBuildPhase section */

/* Begin PBXShellScriptBuildPhase section */
		FC1EE9EE2A4C209B004C8976 /* SwiftLint */ = {
			isa = PBXShellScriptBuildPhase;
			alwaysOutOfDate = 1;
			buildActionMask = 2147483647;
			files = (
			);
			inputFileListPaths = (
			);
			inputPaths = (
			);
			name = SwiftLint;
			outputFileListPaths = (
			);
			outputPaths = (
			);
			runOnlyForDeploymentPostprocessing = 0;
			shellPath = /bin/sh;
			shellScript = "if which swiftlint > /dev/null; then\n  swiftlint\nelse\n  echo \"warning: SwiftLint not installed, download from https://github.com/realm/SwiftLint\"\nfi\n";
		};
/* End PBXShellScriptBuildPhase section */

/* Begin PBXSourcesBuildPhase section */
		FC02E8B42A48989100EC1809 /* Sources */ = {
			isa = PBXSourcesBuildPhase;
			buildActionMask = 2147483647;
			files = (
				FC1EEA082A4C79B4004C8976 /* DeferView.swift in Sources */,
				FC1EE9FA2A4C5E56004C8976 /* PrimaryButton.swift in Sources */,
				3CA649D22A76C07B002D868A /* Product.swift in Sources */,
				3CA649D02A76BE39002D868A /* ProductListView.swift in Sources */,
				FC1EE9FF2A4C5FEC004C8976 /* MenuViewModel.swift in Sources */,
				3CA649D62A76C18E002D868A /* ModelData.swift in Sources */,
				FC1EEA0B2A4DD954004C8976 /* Model.swift in Sources */,
				FC1EEA032A4C60F4004C8976 /* UIConstants.swift in Sources */,
				3C91FCAB2A7E678A00A75858 /* UserDefault.swift in Sources */,
				FC02E8BE2A48989100EC1809 /* ARViewController.swift in Sources */,
				3CFE4CE72A615CB100C232D1 /* CloseButton.swift in Sources */,
				3CA649D82A76C23A002D868A /* ProductRowView.swift in Sources */,
				3CFDB5382A7B7F4100B411CB /* ProductDetailViewModel.swift in Sources */,
				3C91FCA52A7D532900A75858 /* Download.swift in Sources */,
				FC1EE9F42A4C34C2004C8976 /* ARViewContainer.swift in Sources */,
				FC1EEA012A4C60C1004C8976 /* SecondaryButton.swift in Sources */,
				FC02E8BC2A48989100EC1809 /* AppDelegate.swift in Sources */,
				FC1EE9F02A4C3460004C8976 /* CameraView.swift in Sources */,
				FC1EEA062A4C79A3004C8976 /* Navigate.swift in Sources */,
				FC1EE9F62A4C541D004C8976 /* MenuView.swift in Sources */,
				3C91FCAF2A7E6CDA00A75858 /* UserDefaults.swift in Sources */,
				3CB9D5DD2A7B6E0F00EB4395 /* ProductDetailView.swift in Sources */,
				3C91FCA92A7E670500A75858 /* UDKey.swift in Sources */,
				3CFDB53A2A7B7FC200B411CB /* AppConstants.swift in Sources */,
			);
			runOnlyForDeploymentPostprocessing = 0;
		};
		FC02E8C92A48989200EC1809 /* Sources */ = {
			isa = PBXSourcesBuildPhase;
			buildActionMask = 2147483647;
			files = (
				FC02E8D22A48989200EC1809 /* RealityFromQRTests.swift in Sources */,
			);
			runOnlyForDeploymentPostprocessing = 0;
		};
		FC02E8D32A48989200EC1809 /* Sources */ = {
			isa = PBXSourcesBuildPhase;
			buildActionMask = 2147483647;
			files = (
				FC02E8DE2A48989200EC1809 /* RealityFromQRUITestsLaunchTests.swift in Sources */,
				FC02E8DC2A48989200EC1809 /* RealityFromQRUITests.swift in Sources */,
			);
			runOnlyForDeploymentPostprocessing = 0;
		};
/* End PBXSourcesBuildPhase section */

/* Begin PBXTargetDependency section */
		FC02E8CF2A48989200EC1809 /* PBXTargetDependency */ = {
			isa = PBXTargetDependency;
			target = FC02E8B72A48989100EC1809 /* RealityFromQR */;
			targetProxy = FC02E8CE2A48989200EC1809 /* PBXContainerItemProxy */;
		};
		FC02E8D92A48989200EC1809 /* PBXTargetDependency */ = {
			isa = PBXTargetDependency;
			target = FC02E8B72A48989100EC1809 /* RealityFromQR */;
			targetProxy = FC02E8D82A48989200EC1809 /* PBXContainerItemProxy */;
		};
/* End PBXTargetDependency section */

/* Begin PBXVariantGroup section */
		FC02E8C62A48989200EC1809 /* LaunchScreen.storyboard */ = {
			isa = PBXVariantGroup;
			children = (
				FC02E8C72A48989200EC1809 /* Base */,
			);
			name = LaunchScreen.storyboard;
			sourceTree = "<group>";
		};
/* End PBXVariantGroup section */

/* Begin XCBuildConfiguration section */
		FC02E8DF2A48989200EC1809 /* Debug */ = {
			isa = XCBuildConfiguration;
			buildSettings = {
				ALWAYS_SEARCH_USER_PATHS = NO;
				CLANG_ANALYZER_NONNULL = YES;
				CLANG_ANALYZER_NUMBER_OBJECT_CONVERSION = YES_AGGRESSIVE;
				CLANG_CXX_LANGUAGE_STANDARD = "gnu++20";
				CLANG_ENABLE_MODULES = YES;
				CLANG_ENABLE_OBJC_ARC = YES;
				CLANG_ENABLE_OBJC_WEAK = YES;
				CLANG_WARN_BLOCK_CAPTURE_AUTORELEASING = YES;
				CLANG_WARN_BOOL_CONVERSION = YES;
				CLANG_WARN_COMMA = YES;
				CLANG_WARN_CONSTANT_CONVERSION = YES;
				CLANG_WARN_DEPRECATED_OBJC_IMPLEMENTATIONS = YES;
				CLANG_WARN_DIRECT_OBJC_ISA_USAGE = YES_ERROR;
				CLANG_WARN_DOCUMENTATION_COMMENTS = YES;
				CLANG_WARN_EMPTY_BODY = YES;
				CLANG_WARN_ENUM_CONVERSION = YES;
				CLANG_WARN_INFINITE_RECURSION = YES;
				CLANG_WARN_INT_CONVERSION = YES;
				CLANG_WARN_NON_LITERAL_NULL_CONVERSION = YES;
				CLANG_WARN_OBJC_IMPLICIT_RETAIN_SELF = YES;
				CLANG_WARN_OBJC_LITERAL_CONVERSION = YES;
				CLANG_WARN_OBJC_ROOT_CLASS = YES_ERROR;
				CLANG_WARN_QUOTED_INCLUDE_IN_FRAMEWORK_HEADER = YES;
				CLANG_WARN_RANGE_LOOP_ANALYSIS = YES;
				CLANG_WARN_STRICT_PROTOTYPES = YES;
				CLANG_WARN_SUSPICIOUS_MOVE = YES;
				CLANG_WARN_UNGUARDED_AVAILABILITY = YES_AGGRESSIVE;
				CLANG_WARN_UNREACHABLE_CODE = YES;
				CLANG_WARN__DUPLICATE_METHOD_MATCH = YES;
				COPY_PHASE_STRIP = NO;
				DEBUG_INFORMATION_FORMAT = dwarf;
				ENABLE_STRICT_OBJC_MSGSEND = YES;
				ENABLE_TESTABILITY = YES;
				GCC_C_LANGUAGE_STANDARD = gnu11;
				GCC_DYNAMIC_NO_PIC = NO;
				GCC_NO_COMMON_BLOCKS = YES;
				GCC_OPTIMIZATION_LEVEL = 0;
				GCC_PREPROCESSOR_DEFINITIONS = (
					"DEBUG=1",
					"$(inherited)",
				);
				GCC_WARN_64_TO_32_BIT_CONVERSION = YES;
				GCC_WARN_ABOUT_RETURN_TYPE = YES_ERROR;
				GCC_WARN_UNDECLARED_SELECTOR = YES;
				GCC_WARN_UNINITIALIZED_AUTOS = YES_AGGRESSIVE;
				GCC_WARN_UNUSED_FUNCTION = YES;
				GCC_WARN_UNUSED_VARIABLE = YES;
				IPHONEOS_DEPLOYMENT_TARGET = 16.4;
				MTL_ENABLE_DEBUG_INFO = INCLUDE_SOURCE;
				MTL_FAST_MATH = YES;
				ONLY_ACTIVE_ARCH = YES;
				SDKROOT = iphoneos;
				SWIFT_ACTIVE_COMPILATION_CONDITIONS = DEBUG;
				SWIFT_OPTIMIZATION_LEVEL = "-Onone";
			};
			name = Debug;
		};
		FC02E8E02A48989200EC1809 /* Release */ = {
			isa = XCBuildConfiguration;
			buildSettings = {
				ALWAYS_SEARCH_USER_PATHS = NO;
				CLANG_ANALYZER_NONNULL = YES;
				CLANG_ANALYZER_NUMBER_OBJECT_CONVERSION = YES_AGGRESSIVE;
				CLANG_CXX_LANGUAGE_STANDARD = "gnu++20";
				CLANG_ENABLE_MODULES = YES;
				CLANG_ENABLE_OBJC_ARC = YES;
				CLANG_ENABLE_OBJC_WEAK = YES;
				CLANG_WARN_BLOCK_CAPTURE_AUTORELEASING = YES;
				CLANG_WARN_BOOL_CONVERSION = YES;
				CLANG_WARN_COMMA = YES;
				CLANG_WARN_CONSTANT_CONVERSION = YES;
				CLANG_WARN_DEPRECATED_OBJC_IMPLEMENTATIONS = YES;
				CLANG_WARN_DIRECT_OBJC_ISA_USAGE = YES_ERROR;
				CLANG_WARN_DOCUMENTATION_COMMENTS = YES;
				CLANG_WARN_EMPTY_BODY = YES;
				CLANG_WARN_ENUM_CONVERSION = YES;
				CLANG_WARN_INFINITE_RECURSION = YES;
				CLANG_WARN_INT_CONVERSION = YES;
				CLANG_WARN_NON_LITERAL_NULL_CONVERSION = YES;
				CLANG_WARN_OBJC_IMPLICIT_RETAIN_SELF = YES;
				CLANG_WARN_OBJC_LITERAL_CONVERSION = YES;
				CLANG_WARN_OBJC_ROOT_CLASS = YES_ERROR;
				CLANG_WARN_QUOTED_INCLUDE_IN_FRAMEWORK_HEADER = YES;
				CLANG_WARN_RANGE_LOOP_ANALYSIS = YES;
				CLANG_WARN_STRICT_PROTOTYPES = YES;
				CLANG_WARN_SUSPICIOUS_MOVE = YES;
				CLANG_WARN_UNGUARDED_AVAILABILITY = YES_AGGRESSIVE;
				CLANG_WARN_UNREACHABLE_CODE = YES;
				CLANG_WARN__DUPLICATE_METHOD_MATCH = YES;
				COPY_PHASE_STRIP = NO;
				DEBUG_INFORMATION_FORMAT = "dwarf-with-dsym";
				ENABLE_NS_ASSERTIONS = NO;
				ENABLE_STRICT_OBJC_MSGSEND = YES;
				GCC_C_LANGUAGE_STANDARD = gnu11;
				GCC_NO_COMMON_BLOCKS = YES;
				GCC_WARN_64_TO_32_BIT_CONVERSION = YES;
				GCC_WARN_ABOUT_RETURN_TYPE = YES_ERROR;
				GCC_WARN_UNDECLARED_SELECTOR = YES;
				GCC_WARN_UNINITIALIZED_AUTOS = YES_AGGRESSIVE;
				GCC_WARN_UNUSED_FUNCTION = YES;
				GCC_WARN_UNUSED_VARIABLE = YES;
				IPHONEOS_DEPLOYMENT_TARGET = 16.4;
				MTL_ENABLE_DEBUG_INFO = NO;
				MTL_FAST_MATH = YES;
				SDKROOT = iphoneos;
				SWIFT_COMPILATION_MODE = wholemodule;
				SWIFT_OPTIMIZATION_LEVEL = "-O";
				VALIDATE_PRODUCT = YES;
			};
			name = Release;
		};
		FC02E8E22A48989200EC1809 /* Debug */ = {
			isa = XCBuildConfiguration;
			buildSettings = {
				ASSETCATALOG_COMPILER_APPICON_NAME = AppIcon;
				ASSETCATALOG_COMPILER_GLOBAL_ACCENT_COLOR_NAME = AccentColor;
				CODE_SIGN_STYLE = Automatic;
				CURRENT_PROJECT_VERSION = 1;
				DEVELOPMENT_TEAM = XFV3M47D7P;
				GENERATE_INFOPLIST_FILE = YES;
				INFOPLIST_FILE = RealityFromQR/Info.plist;
				INFOPLIST_KEY_NSCameraUsageDescription = "";
				INFOPLIST_KEY_UIApplicationSupportsIndirectInputEvents = YES;
				INFOPLIST_KEY_UILaunchStoryboardName = LaunchScreen;
				INFOPLIST_KEY_UIRequiredDeviceCapabilities = arkit;
				INFOPLIST_KEY_UIStatusBarHidden = YES;
				INFOPLIST_KEY_UISupportedInterfaceOrientations_iPad = "UIInterfaceOrientationPortrait UIInterfaceOrientationPortraitUpsideDown UIInterfaceOrientationLandscapeLeft UIInterfaceOrientationLandscapeRight";
				INFOPLIST_KEY_UISupportedInterfaceOrientations_iPhone = "UIInterfaceOrientationPortrait UIInterfaceOrientationLandscapeLeft UIInterfaceOrientationLandscapeRight";
				IPHONEOS_DEPLOYMENT_TARGET = 16.0;
				LD_RUNPATH_SEARCH_PATHS = (
					"$(inherited)",
					"@executable_path/Frameworks",
				);
				MARKETING_VERSION = 1.0;
				PRODUCT_BUNDLE_IDENTIFIER = com.alwawee.RealityFromQR;
				PRODUCT_NAME = "$(TARGET_NAME)";
				SWIFT_EMIT_LOC_STRINGS = YES;
				SWIFT_VERSION = 5.0;
				TARGETED_DEVICE_FAMILY = "1,2";
			};
			name = Debug;
		};
		FC02E8E32A48989200EC1809 /* Release */ = {
			isa = XCBuildConfiguration;
			buildSettings = {
				ASSETCATALOG_COMPILER_APPICON_NAME = AppIcon;
				ASSETCATALOG_COMPILER_GLOBAL_ACCENT_COLOR_NAME = AccentColor;
				CODE_SIGN_STYLE = Automatic;
				CURRENT_PROJECT_VERSION = 1;
				DEVELOPMENT_TEAM = XFV3M47D7P;
				GENERATE_INFOPLIST_FILE = YES;
				INFOPLIST_FILE = RealityFromQR/Info.plist;
				INFOPLIST_KEY_NSCameraUsageDescription = "";
				INFOPLIST_KEY_UIApplicationSupportsIndirectInputEvents = YES;
				INFOPLIST_KEY_UILaunchStoryboardName = LaunchScreen;
				INFOPLIST_KEY_UIRequiredDeviceCapabilities = arkit;
				INFOPLIST_KEY_UIStatusBarHidden = YES;
				INFOPLIST_KEY_UISupportedInterfaceOrientations_iPad = "UIInterfaceOrientationPortrait UIInterfaceOrientationPortraitUpsideDown UIInterfaceOrientationLandscapeLeft UIInterfaceOrientationLandscapeRight";
				INFOPLIST_KEY_UISupportedInterfaceOrientations_iPhone = "UIInterfaceOrientationPortrait UIInterfaceOrientationLandscapeLeft UIInterfaceOrientationLandscapeRight";
				IPHONEOS_DEPLOYMENT_TARGET = 16.0;
				LD_RUNPATH_SEARCH_PATHS = (
					"$(inherited)",
					"@executable_path/Frameworks",
				);
				MARKETING_VERSION = 1.0;
				PRODUCT_BUNDLE_IDENTIFIER = com.alwawee.RealityFromQR;
				PRODUCT_NAME = "$(TARGET_NAME)";
				SWIFT_EMIT_LOC_STRINGS = YES;
				SWIFT_VERSION = 5.0;
				TARGETED_DEVICE_FAMILY = "1,2";
			};
			name = Release;
		};
		FC02E8E52A48989200EC1809 /* Debug */ = {
			isa = XCBuildConfiguration;
			buildSettings = {
				ALWAYS_EMBED_SWIFT_STANDARD_LIBRARIES = YES;
				BUNDLE_LOADER = "$(TEST_HOST)";
				CODE_SIGN_STYLE = Automatic;
				CURRENT_PROJECT_VERSION = 1;
				DEVELOPMENT_TEAM = XFV3M47D7P;
				GENERATE_INFOPLIST_FILE = YES;
				IPHONEOS_DEPLOYMENT_TARGET = 16.4;
				MARKETING_VERSION = 1.0;
				PRODUCT_BUNDLE_IDENTIFIER = com.alwawee.RealityFromQRTests;
				PRODUCT_NAME = "$(TARGET_NAME)";
				SWIFT_EMIT_LOC_STRINGS = NO;
				SWIFT_VERSION = 5.0;
				TARGETED_DEVICE_FAMILY = "1,2";
				TEST_HOST = "$(BUILT_PRODUCTS_DIR)/RealityFromQR.app/$(BUNDLE_EXECUTABLE_FOLDER_PATH)/RealityFromQR";
			};
			name = Debug;
		};
		FC02E8E62A48989200EC1809 /* Release */ = {
			isa = XCBuildConfiguration;
			buildSettings = {
				ALWAYS_EMBED_SWIFT_STANDARD_LIBRARIES = YES;
				BUNDLE_LOADER = "$(TEST_HOST)";
				CODE_SIGN_STYLE = Automatic;
				CURRENT_PROJECT_VERSION = 1;
				DEVELOPMENT_TEAM = XFV3M47D7P;
				GENERATE_INFOPLIST_FILE = YES;
				IPHONEOS_DEPLOYMENT_TARGET = 16.4;
				MARKETING_VERSION = 1.0;
				PRODUCT_BUNDLE_IDENTIFIER = com.alwawee.RealityFromQRTests;
				PRODUCT_NAME = "$(TARGET_NAME)";
				SWIFT_EMIT_LOC_STRINGS = NO;
				SWIFT_VERSION = 5.0;
				TARGETED_DEVICE_FAMILY = "1,2";
				TEST_HOST = "$(BUILT_PRODUCTS_DIR)/RealityFromQR.app/$(BUNDLE_EXECUTABLE_FOLDER_PATH)/RealityFromQR";
			};
			name = Release;
		};
		FC02E8E82A48989200EC1809 /* Debug */ = {
			isa = XCBuildConfiguration;
			buildSettings = {
				ALWAYS_EMBED_SWIFT_STANDARD_LIBRARIES = YES;
				CODE_SIGN_STYLE = Automatic;
				CURRENT_PROJECT_VERSION = 1;
				DEVELOPMENT_TEAM = XFV3M47D7P;
				GENERATE_INFOPLIST_FILE = YES;
				MARKETING_VERSION = 1.0;
				PRODUCT_BUNDLE_IDENTIFIER = com.alwawee.RealityFromQRUITests;
				PRODUCT_NAME = "$(TARGET_NAME)";
				SWIFT_EMIT_LOC_STRINGS = NO;
				SWIFT_VERSION = 5.0;
				TARGETED_DEVICE_FAMILY = "1,2";
				TEST_TARGET_NAME = RealityFromQR;
			};
			name = Debug;
		};
		FC02E8E92A48989200EC1809 /* Release */ = {
			isa = XCBuildConfiguration;
			buildSettings = {
				ALWAYS_EMBED_SWIFT_STANDARD_LIBRARIES = YES;
				CODE_SIGN_STYLE = Automatic;
				CURRENT_PROJECT_VERSION = 1;
				DEVELOPMENT_TEAM = XFV3M47D7P;
				GENERATE_INFOPLIST_FILE = YES;
				MARKETING_VERSION = 1.0;
				PRODUCT_BUNDLE_IDENTIFIER = com.alwawee.RealityFromQRUITests;
				PRODUCT_NAME = "$(TARGET_NAME)";
				SWIFT_EMIT_LOC_STRINGS = NO;
				SWIFT_VERSION = 5.0;
				TARGETED_DEVICE_FAMILY = "1,2";
				TEST_TARGET_NAME = RealityFromQR;
			};
			name = Release;
		};
/* End XCBuildConfiguration section */

/* Begin XCConfigurationList section */
		FC02E8B32A48989100EC1809 /* Build configuration list for PBXProject "RealityFromQR" */ = {
			isa = XCConfigurationList;
			buildConfigurations = (
				FC02E8DF2A48989200EC1809 /* Debug */,
				FC02E8E02A48989200EC1809 /* Release */,
			);
			defaultConfigurationIsVisible = 0;
			defaultConfigurationName = Release;
		};
		FC02E8E12A48989200EC1809 /* Build configuration list for PBXNativeTarget "RealityFromQR" */ = {
			isa = XCConfigurationList;
			buildConfigurations = (
				FC02E8E22A48989200EC1809 /* Debug */,
				FC02E8E32A48989200EC1809 /* Release */,
			);
			defaultConfigurationIsVisible = 0;
			defaultConfigurationName = Release;
		};
		FC02E8E42A48989200EC1809 /* Build configuration list for PBXNativeTarget "RealityFromQRTests" */ = {
			isa = XCConfigurationList;
			buildConfigurations = (
				FC02E8E52A48989200EC1809 /* Debug */,
				FC02E8E62A48989200EC1809 /* Release */,
			);
			defaultConfigurationIsVisible = 0;
			defaultConfigurationName = Release;
		};
		FC02E8E72A48989200EC1809 /* Build configuration list for PBXNativeTarget "RealityFromQRUITests" */ = {
			isa = XCConfigurationList;
			buildConfigurations = (
				FC02E8E82A48989200EC1809 /* Debug */,
				FC02E8E92A48989200EC1809 /* Release */,
			);
			defaultConfigurationIsVisible = 0;
			defaultConfigurationName = Release;
		};
/* End XCConfigurationList section */
	};
	rootObject = FC02E8B02A48989100EC1809 /* Project object */;
}
